
Microsoft Visual Studio Solution File, Format Version 12.00
# Visual Studio Version 16
VisualStudioVersion = 16.0.29230.47
MinimumVisualStudioVersion = 10.0.40219.1
Project("{9A19103F-16F7-4668-BE54-9A1E7A4F7556}") = "Qc.MeadminSdk.Sample", "Qc.MeadminSdk.Sample\Qc.MeadminSdk.Sample.csproj", "{6E3293F0-5770-4CB5-8F95-2553268BAB8A}"
EndProject
Project("{9A19103F-16F7-4668-BE54-9A1E7A4F7556}") = "Qc.MeadminSdk", "Qc.MeadminSdk\Qc.MeadminSdk.csproj", "{C86F4687-0ABE-41C2-A83F-F9B866F00655}"
EndProject
Project("{2150E333-8FDC-42A3-9474-1A3956D46DE8}") = "docs", "docs", "{16737825-E64F-4D6F-9F2E-ACB009AAF85C}"
	ProjectSection(SolutionItems) = preProject
		LICENSE = LICENSE
		README.md = README.md
	EndProjectSection
EndProject
Project("{FAE04EC0-301F-11D3-BF4B-00C04F79EFBC}") = "Qc.MeadminSdk.Tests", "Qc.MeadminSdk.Tests\Qc.MeadminSdk.Tests.csproj", "{3ABEFD84-D67E-4642-950A-FF2EA81017D4}"
EndProject
Global
	GlobalSection(SolutionConfigurationPlatforms) = preSolution
		Debug|Any CPU = Debug|Any CPU
		Release|Any CPU = Release|Any CPU
	EndGlobalSection
	GlobalSection(ProjectConfigurationPlatforms) = postSolution
		{6E3293F0-5770-4CB5-8F95-2553268BAB8A}.Debug|Any CPU.ActiveCfg = Debug|Any CPU
		{6E3293F0-5770-4CB5-8F95-2553268BAB8A}.Debug|Any CPU.Build.0 = Debug|Any CPU
		{6E3293F0-5770-4CB5-8F95-2553268BAB8A}.Release|Any CPU.ActiveCfg = Release|Any CPU
		{6E3293F0-5770-4CB5-8F95-2553268BAB8A}.Release|Any CPU.Build.0 = Release|Any CPU
		{C86F4687-0ABE-41C2-A83F-F9B866F00655}.Debug|Any CPU.ActiveCfg = Debug|Any CPU
		{C86F4687-0ABE-41C2-A83F-F9B866F00655}.Debug|Any CPU.Build.0 = Debug|Any CPU
		{C86F4687-0ABE-41C2-A83F-F9B866F00655}.Release|Any CPU.ActiveCfg = Release|Any CPU
		{C86F4687-0ABE-41C2-A83F-F9B866F00655}.Release|Any CPU.Build.0 = Release|Any CPU
		{3ABEFD84-D67E-4642-950A-FF2EA81017D4}.Debug|Any CPU.ActiveCfg = Debug|Any CPU
		{3ABEFD84-D67E-4642-950A-FF2EA81017D4}.Debug|Any CPU.Build.0 = Debug|Any CPU
		{3ABEFD84-D67E-4642-950A-FF2EA81017D4}.Release|Any CPU.ActiveCfg = Release|Any CPU
		{3ABEFD84-D67E-4642-950A-FF2EA81017D4}.Release|Any CPU.Build.0 = Release|Any CPU
	EndGlobalSection
	GlobalSection(SolutionProperties) = preSolution
		HideSolutionNode = FALSE
	EndGlobalSection
	GlobalSection(ExtensibilityGlobals) = postSolution
		SolutionGuid = {A17DC48A-E0F2-4DB3-8839-42D71FA26A49}
	EndGlobalSection
EndGlobal
